
Microsoft Visual Studio Solution File, Format Version 12.00
# Visual Studio Version 17
VisualStudioVersion = 17.14.36511.14 d17.14
MinimumVisualStudioVersion = 10.0.40219.1
Project("{FAE04EC0-301F-11D3-BF4B-00C04F79EFBC}") = "SoccerApp.WebApi", "SoccerApp.WebApi\SoccerApp.WebApi.csproj", "{A653CA55-3306-4FB4-A7CA-74F9EBFD3DD0}"
EndProject
Project("{FAE04EC0-301F-11D3-BF4B-00C04F79EFBC}") = "SoccerApp.WebUI", "SoccerApp.WebUI\SoccerApp.WebUI.csproj", "{BAF46968-1764-44DA-A9C4-7544DA2E85CF}"
EndProject
Global
	GlobalSection(SolutionConfigurationPlatforms) = preSolution
		Debug|Any CPU = Debug|Any CPU
		Release|Any CPU = Release|Any CPU
	EndGlobalSection
	GlobalSection(ProjectConfigurationPlatforms) = postSolution
		{A653CA55-3306-4FB4-A7CA-74F9EBFD3DD0}.Debug|Any CPU.ActiveCfg = Debug|Any CPU
		{A653CA55-3306-4FB4-A7CA-74F9EBFD3DD0}.Debug|Any CPU.Build.0 = Debug|Any CPU
		{A653CA55-3306-4FB4-A7CA-74F9EBFD3DD0}.Release|Any CPU.ActiveCfg = Release|Any CPU
		{A653CA55-3306-4FB4-A7CA-74F9EBFD3DD0}.Release|Any CPU.Build.0 = Release|Any CPU
		{BAF46968-1764-44DA-A9C4-7544DA2E85CF}.Debug|Any CPU.ActiveCfg = Debug|Any CPU
		{BAF46968-1764-44DA-A9C4-7544DA2E85CF}.Debug|Any CPU.Build.0 = Debug|Any CPU
		{BAF46968-1764-44DA-A9C4-7544DA2E85CF}.Release|Any CPU.ActiveCfg = Release|Any CPU
		{BAF46968-1764-44DA-A9C4-7544DA2E85CF}.Release|Any CPU.Build.0 = Release|Any CPU
	EndGlobalSection
	GlobalSection(SolutionProperties) = preSolution
		HideSolutionNode = FALSE
	EndGlobalSection
	GlobalSection(ExtensibilityGlobals) = postSolution
		SolutionGuid = {2F8DAC49-392D-45EA-B2FC-392428B7E1F3}
	EndGlobalSection
EndGlobal
